
Microsoft Visual Studio Solution File, Format Version 12.00
Project("{FAE04EC0-301F-11D3-BF4B-00C04F79EFBC}") = "OdeToFood", "OdeToFood\OdeToFood.csproj", "{939EF8B1-3721-462D-A6F1-D225642C58DF}"
EndProject
Global
	GlobalSection(SolutionConfigurationPlatforms) = preSolution
		Debug|Any CPU = Debug|Any CPU
		Release|Any CPU = Release|Any CPU
	EndGlobalSection
	GlobalSection(ProjectConfigurationPlatforms) = postSolution
		{939EF8B1-3721-462D-A6F1-D225642C58DF}.Debug|Any CPU.ActiveCfg = Debug|Any CPU
		{939EF8B1-3721-462D-A6F1-D225642C58DF}.Debug|Any CPU.Build.0 = Debug|Any CPU
		{939EF8B1-3721-462D-A6F1-D225642C58DF}.Release|Any CPU.ActiveCfg = Release|Any CPU
		{939EF8B1-3721-462D-A6F1-D225642C58DF}.Release|Any CPU.Build.0 = Release|Any CPU
	EndGlobalSection
EndGlobal
